PODS:
  - Flutter (1.0.0)
  - flutter_nexi (1.0.0):
    - Flutter
    - Nexi_XPay (= 1.4.5)
  - Nexi_XPay (1.4.5)

DEPENDENCIES:
  - Flutter (from `Flutter`)
  - flutter_nexi (from `.symlinks/plugins/flutter_nexi/ios`)

SPEC REPOS:
  trunk:
    - Nexi_XPay

EXTERNAL SOURCES:
  Flutter:
    :path: Flutter
  flutter_nexi:
    :path: ".symlinks/plugins/flutter_nexi/ios"

SPEC CHECKSUMS:
  Flutter: cabc95a1d2626b1b06e7179b784ebcf0c0cde467
  flutter_nexi: fc668c977540a6bf7268d421504d937bd42e7d3d
  Nexi_XPay: cb6542e59876e56cf7d595336287ff2842d3645c

PODFILE CHECKSUM: 3c63482e143d1b91d2d2560aee9fb04ecc74ac7e

COCOAPODS: 1.16.2
